# THIS IS AN AUTOGENERATED FILE. DO NOT EDIT THIS FILE DIRECTLY.
# yarn lockfile v1


"@hotwired/turbo-rails@^7.1.1":
  version "7.1.1"
  resolved "https://registry.yarnpkg.com/@hotwired/turbo-rails/-/turbo-rails-7.1.1.tgz#35c03b92b5c86f0137ed08bef843d955ec9bbe83"
  integrity sha512-ZXpxUjCfkdbuXfoGrsFK80qsVzACs8xCfie9rt2jMTSN6o1olXVA0Nrk8u02yNEwSiVJm/4QSOa8cUcMj6VQjg==
  dependencies:
    "@hotwired/turbo" "^7.1.0"
    "@rails/actioncable" "^7.0"

"@hotwired/turbo@^7.1.0":
  version "7.1.0"
  resolved "https://registry.yarnpkg.com/@hotwired/turbo/-/turbo-7.1.0.tgz#27e44e0e3dc5bd1d4bda0766d579cf5a14091cd7"
  integrity sha512-Q8kGjqwPqER+CtpQudbH+3Zgs2X4zb6pBAlr6NsKTXadg45pAOvxI9i4QpuHbwSzR2+x87HUm+rot9F/Pe8rxA==

"@rails/actioncable@^7.0":
  version "7.0.3"
  resolved "https://registry.yarnpkg.com/@rails/actioncable/-/actioncable-7.0.3.tgz#71f08e958883af64f6a20489318b5e95d2c6dc5b"
  integrity sha512-Iefl21FZD+ck1di6xSHMYzSzRiNJTHV4NrAzCfDfqc/wPz4xncrP8f2/fJ+2jzwKIaDn76UVMsALh7R5OzsF8Q==

"@rails/actioncable@^7.0.0":
  version "7.0.0"
  resolved "https://registry.yarnpkg.com/@rails/actioncable/-/actioncable-7.0.0.tgz#2bcb5ca5d7c1d8c32d53589579d2fc19c4864a04"
  integrity sha512-uKOGaA8xMNuMwsQrH65l4LxLZ4RD2czP0MKBU7PHIbQS6XvYc6xV9HDveGfgumZSZJYJSfUIiKiqh5mjlCOxPA==

"@rails/activestorage@^7.0.0":
  version "7.0.0"
  resolved "https://registry.yarnpkg.com/@rails/activestorage/-/activestorage-7.0.0.tgz#1d4391bae75693bcfa73fc220904b248de3dea06"
  integrity sha512-9tE4P15DMgLhx/ILqvztepvu0YwtAyoYH1k25CrkkWphLNfu3HNbncfRgsJxmd9t8rMhZh8ZDEQchYrjuOL3hg==
  dependencies:
    spark-md5 "^3.0.1"

autoprefixer@^10.4.0:
  version "10.4.0"
  resolved "https://registry.yarnpkg.com/autoprefixer/-/autoprefixer-10.4.0.tgz#c3577eb32a1079a440ec253e404eaf1eb21388c8"
  integrity sha512-7FdJ1ONtwzV1G43GDD0kpVMn/qbiNqyOPMFTX5nRffI+7vgWoFEc6DcXOxHJxrWNDXrZh18eDsZjvZGUljSRGA==
  dependencies:
    browserslist "^4.17.5"
    caniuse-lite "^1.0.30001272"
    fraction.js "^4.1.1"
    normalize-range "^0.1.2"
    picocolors "^1.0.0"
    postcss-value-parser "^4.1.0"

browserslist@^4.17.5:
  version "4.19.1"
  resolved "https://registry.yarnpkg.com/browserslist/-/browserslist-4.19.1.tgz#4ac0435b35ab655896c31d53018b6dd5e9e4c9a3"
  integrity sha512-u2tbbG5PdKRTUoctO3NBD8FQ5HdPh1ZXPHzp1rwaa5jTc+RV9/+RlWiAIKmjRPQF+xbGM9Kklj5bZQFa2s/38A==
  dependencies:
    caniuse-lite "^1.0.30001286"
    electron-to-chromium "^1.4.17"
    escalade "^3.1.1"
    node-releases "^2.0.1"
    picocolors "^1.0.0"

caniuse-lite@^1.0.30001272, caniuse-lite@^1.0.30001286:
  version "1.0.30001292"
  resolved "https://registry.yarnpkg.com/caniuse-lite/-/caniuse-lite-1.0.30001292.tgz#4a55f61c06abc9595965cfd77897dc7bc1cdc456"
  integrity sha512-jnT4Tq0Q4ma+6nncYQVe7d73kmDmE9C3OGTx3MvW7lBM/eY1S1DZTMBON7dqV481RhNiS5OxD7k9JQvmDOTirw==

electron-to-chromium@^1.4.17:
  version "1.4.28"
  resolved "https://registry.yarnpkg.com/electron-to-chromium/-/electron-to-chromium-1.4.28.tgz#fef0e92e281df6d568f482d8d53c34ca5374de48"
  integrity sha512-Gzbf0wUtKfyPaqf0Plz+Ctinf9eQIzxEqBHwSvbGfeOm9GMNdLxyu1dNiCUfM+x6r4BE0xUJNh3Nmg9gfAtTmg==

esbuild-android-arm64@0.14.8:
  version "0.14.8"
  resolved "https://registry.yarnpkg.com/esbuild-android-arm64/-/esbuild-android-arm64-0.14.8.tgz#69324e08ba68c7d9a541e7b825d7235b83e17bd6"
  integrity sha512-tAEoSHnPBSH0cCAFa/aYs3LPsoTY4SwsP6wDKi4PaelbQYNJjqNpAeweyJ8l98g1D6ZkLyqsHbkYj+209sezkA==

esbuild-darwin-64@0.14.8:
  version "0.14.8"
  resolved "https://registry.yarnpkg.com/esbuild-darwin-64/-/esbuild-darwin-64-0.14.8.tgz#7176b692b9de746ba2f9dd4dd81dc4f1b7670786"
  integrity sha512-t7p7WzTb+ybiD/irkMt5j/NzB+jY+8yPTsrXk5zCOH1O7DdthRnAUJ7pJPwImdL7jAGRbLtYRxUPgCHs/0qUPw==

esbuild-darwin-arm64@0.14.8:
  version "0.14.8"
  resolved "https://registry.yarnpkg.com/esbuild-darwin-arm64/-/esbuild-darwin-arm64-0.14.8.tgz#59167584e58428877e48e05c4cca58755f843327"
  integrity sha512-5FeaT2zMUajKnBwUMSsjZev5iA38YHrDmXhkOCwZQIFUvhqojinqCrvv/X7dyxb1987bcY9KGwJ+EwDwd922HQ==

esbuild-freebsd-64@0.14.8:
  version "0.14.8"
  resolved "https://registry.yarnpkg.com/esbuild-freebsd-64/-/esbuild-freebsd-64-0.14.8.tgz#00b7d6e00abba9c2eccc9acd576c796333671e9c"
  integrity sha512-pGHBLSf7ynfyDZXUtbq/GsA2VIwQlWXrUj1AMcE0id47mRdEUM8/1ZuqMGZx63hRnNgtK9zNJ8OIu2c7qq76Qw==

esbuild-freebsd-arm64@0.14.8:
  version "0.14.8"
  resolved "https://registry.yarnpkg.com/esbuild-freebsd-arm64/-/esbuild-freebsd-arm64-0.14.8.tgz#57f0cd5a1cb37fa2c0e84e780677fe62f1e8c894"
  integrity sha512-g4GgAnrx6Gh1BjKJjJWgPnOR4tW2FcAx9wFvyUjRsIjB35gT+aAFR+P/zStu5OG9LnbS8Pvjd4wS68QIXk+2dA==

esbuild-linux-32@0.14.8:
  version "0.14.8"
  resolved "https://registry.yarnpkg.com/esbuild-linux-32/-/esbuild-linux-32-0.14.8.tgz#bbf3e5d3fb30f949030d0c2241ac93a172917d56"
  integrity sha512-wPfQJadF5vTzriw/B8Ide74PeAJlZW7czNx3NIUHkHlXb+En1SeIqNzl6jG9DuJUl57xD9Ucl9YJFEkFeX8eLg==

esbuild-linux-64@0.14.8:
  version "0.14.8"
  resolved "https://registry.yarnpkg.com/esbuild-linux-64/-/esbuild-linux-64-0.14.8.tgz#08631e9e0da613603bcec782f29fecbc6f4596de"
  integrity sha512-+RNuLk9RhRDL2kG+KTEYl5cIgF6AGLkRnKKWEu9DpCZaickONEqrKyQSVn410Hj105DLdW6qvIXQQHPycJhExg==

esbuild-linux-arm64@0.14.8:
  version "0.14.8"
  resolved "https://registry.yarnpkg.com/esbuild-linux-arm64/-/esbuild-linux-arm64-0.14.8.tgz#206d39c8dfbb7c72aa2f5fc52f7402b5b8a77366"
  integrity sha512-BtWoKNYul9UoxUvQUSdSrvSmJyFL1sGnNPTSqWCg1wMe4kmc8UY2yVsXSSkKO8N2jtHxlgFyz/XhvNBzEwGVcw==

esbuild-linux-arm@0.14.8:
  version "0.14.8"
  resolved "https://registry.yarnpkg.com/esbuild-linux-arm/-/esbuild-linux-arm-0.14.8.tgz#e28e70420d187f5e403bfa4a72df676d53d707fd"
  integrity sha512-HIct38SvUAIJbiTwV/PVQroimQo96TGtzRDAEZxTorB4vsAj1r8bd0keXExPU4RH7G0zIqC4loQQpWYL+nH4Vg==

esbuild-linux-mips64le@0.14.8:
  version "0.14.8"
  resolved "https://registry.yarnpkg.com/esbuild-linux-mips64le/-/esbuild-linux-mips64le-0.14.8.tgz#04997ac1a0df794a4d5e04d78015863d48490590"
  integrity sha512-0DxnCl9XTvaQtsX6Qa+Phr5i9b04INwwSv2RbQ2UWRLoQ/037iaFzbmuhgrcmaGOcRwPkCa+4Qo5EgI01MUgsQ==

esbuild-linux-ppc64le@0.14.8:
  version "0.14.8"
  resolved "https://registry.yarnpkg.com/esbuild-linux-ppc64le/-/esbuild-linux-ppc64le-0.14.8.tgz#1827378feff9702c156047ba118c1f3bd74da67e"
  integrity sha512-Uzr/OMj97Q0qoWLXCvXCKUY/z1SNI4iSZEuYylM5Nd71HGStL32XWq/MReJ0PYMvUMKKJicKSKw2jWM1uBQ84Q==

esbuild-linux-s390x@0.14.8:
  version "0.14.8"
  resolved "https://registry.yarnpkg.com/esbuild-linux-s390x/-/esbuild-linux-s390x-0.14.8.tgz#200ac44cda59b81135b325c3a29d016969650876"
  integrity sha512-vURka7aCA5DrRoOqOn6pXYwFlDSoQ4qnqam8AC0Ikn6tibutuhgar6M3Ek2DCuz9yqd396mngdYr5A8x2TPkww==

esbuild-netbsd-64@0.14.8:
  version "0.14.8"
  resolved "https://registry.yarnpkg.com/esbuild-netbsd-64/-/esbuild-netbsd-64-0.14.8.tgz#8159d8eae111f80ea6e4cbfa5d4cf658388a72d4"
  integrity sha512-tjyDak2/pp0VUAhBW6/ueuReMd5qLHNlisXl5pq0Xn0z+kH9urA/t1igm0JassWbdMz123td5ZEQWoD9KbtOAw==

esbuild-openbsd-64@0.14.8:
  version "0.14.8"
  resolved "https://registry.yarnpkg.com/esbuild-openbsd-64/-/esbuild-openbsd-64-0.14.8.tgz#2a9498d881a3ab94927c724f34dd1160eef1f3b8"
  integrity sha512-zAKKV15fIyAuDDga5rQv0lW2ufBWj/OCjqjDBb3dJf5SfoAi/DMIHuzmkKQeDQ+oxt9Rp1D7ZOlOBVflutFTqQ==

esbuild-sunos-64@0.14.8:
  version "0.14.8"
  resolved "https://registry.yarnpkg.com/esbuild-sunos-64/-/esbuild-sunos-64-0.14.8.tgz#2447de7d79848ad528c7d44caab4938eb8f5a0cc"
  integrity sha512-xV41Wa8imziM/2dbWZjLKQbIETRgo5dE0oc/uPsgaecJhsrdA0VkGa/V432LJSUYv967xHDQdoRRl5tr80+NnQ==

esbuild-windows-32@0.14.8:
  version "0.14.8"
  resolved "https://registry.yarnpkg.com/esbuild-windows-32/-/esbuild-windows-32-0.14.8.tgz#3287281552d7e4c851b3106940ff5826f518043e"
  integrity sha512-AxpdeLKQSyCZo7MzdOyV4OgEbEJcjnrS/2niAjbHESbjuS5P1DN/5vZoJ/JSWDVa/40OkBuHBhAXMx1HK3UDsg==

esbuild-windows-64@0.14.8:
  version "0.14.8"
  resolved "https://registry.yarnpkg.com/esbuild-windows-64/-/esbuild-windows-64-0.14.8.tgz#b4052868438b4f17b5c2a908cf344ed2bd267c38"
  integrity sha512-/3pllNoy8mrz/E1rYalwiwwhzJBrYQhEapwAteHZbFVhGzYuB8F80e8x5eA8dhFHxDiZh1VzK+hREwwSt8UTQA==

esbuild-windows-arm64@0.14.8:
  version "0.14.8"
  resolved "https://registry.yarnpkg.com/esbuild-windows-arm64/-/esbuild-windows-arm64-0.14.8.tgz#512d06097cb4b848526a37c48a47223f1c6cc667"
  integrity sha512-lTm5naoNgaUvzIiax3XYIEebqwr3bIIEEtqUhzQ2UQ+JMBmvhr02w3sJIJqF3axTX6TgWrC1OtM7DYNvFG+aXA==

esbuild@^0.14.8:
  version "0.14.8"
  resolved "https://registry.yarnpkg.com/esbuild/-/esbuild-0.14.8.tgz#f60a07ca9400d61d09a98f96d666c50613972550"
  integrity sha512-stMsCBmxwaMpeK8GC/49L/cRGIwsHwoEN7Twk5zDTHlm/63c0KXFKzDC8iM2Mi3fyCKwS002TAH6IlAvqR6t3g==
  optionalDependencies:
    esbuild-android-arm64 "0.14.8"
    esbuild-darwin-64 "0.14.8"
    esbuild-darwin-arm64 "0.14.8"
    esbuild-freebsd-64 "0.14.8"
    esbuild-freebsd-arm64 "0.14.8"
    esbuild-linux-32 "0.14.8"
    esbuild-linux-64 "0.14.8"
    esbuild-linux-arm "0.14.8"
    esbuild-linux-arm64 "0.14.8"
    esbuild-linux-mips64le "0.14.8"
    esbuild-linux-ppc64le "0.14.8"
    esbuild-linux-s390x "0.14.8"
    esbuild-netbsd-64 "0.14.8"
    esbuild-openbsd-64 "0.14.8"
    esbuild-sunos-64 "0.14.8"
    esbuild-windows-32 "0.14.8"
    esbuild-windows-64 "0.14.8"
    esbuild-windows-arm64 "0.14.8"

escalade@^3.1.1:
  version "3.1.1"
  resolved "https://registry.yarnpkg.com/escalade/-/escalade-3.1.1.tgz#d8cfdc7000965c5a0174b4a82eaa5c0552742e40"
  integrity sha512-k0er2gUkLf8O0zKJiAhmkTnJlTvINGv7ygDNPbeIsX/TJjGJZHuh9B2UxbsaEkmlEo9MfhrSzmhIlhRlI2GXnw==

fraction.js@^4.1.1:
  version "4.1.2"
  resolved "https://registry.yarnpkg.com/fraction.js/-/fraction.js-4.1.2.tgz#13e420a92422b6cf244dff8690ed89401029fbe8"
  integrity sha512-o2RiJQ6DZaR/5+Si0qJUIy637QMRudSi9kU/FFzx9EZazrIdnBgpU+3sEWCxAVhH2RtxW2Oz+T4p2o8uOPVcgA==

nanoid@^3.1.30:
  version "3.2.0"
  resolved "https://registry.yarnpkg.com/nanoid/-/nanoid-3.2.0.tgz#62667522da6673971cca916a6d3eff3f415ff80c"
  integrity sha512-fmsZYa9lpn69Ad5eDn7FMcnnSR+8R34W9qJEijxYhTbfOWzr22n1QxCMzXLK+ODyW2973V3Fux959iQoUxzUIA==

node-releases@^2.0.1:
  version "2.0.1"
  resolved "https://registry.yarnpkg.com/node-releases/-/node-releases-2.0.1.tgz#3d1d395f204f1f2f29a54358b9fb678765ad2fc5"
  integrity sha512-CqyzN6z7Q6aMeF/ktcMVTzhAHCEpf8SOarwpzpf8pNBY2k5/oM34UHldUwp8VKI7uxct2HxSRdJjBaZeESzcxA==

normalize-range@^0.1.2:
  version "0.1.2"
  resolved "https://registry.yarnpkg.com/normalize-range/-/normalize-range-0.1.2.tgz#2d10c06bdfd312ea9777695a4d28439456b75942"
  integrity sha1-LRDAa9/TEuqXd2laTShDlFa3WUI=

picocolors@^1.0.0:
  version "1.0.0"
  resolved "https://registry.yarnpkg.com/picocolors/-/picocolors-1.0.0.tgz#cb5bdc74ff3f51892236eaf79d68bc44564ab81c"
  integrity sha512-1fygroTLlHu66zi26VoTDv8yRgm0Fccecssto+MhsZ0D/DGW2sm8E8AjW7NU5VVTRt5GxbeZ5qBuJr+HyLYkjQ==

postcss-value-parser@^4.1.0:
  version "4.1.0"
  resolved "https://registry.yarnpkg.com/postcss-value-parser/-/postcss-value-parser-4.1.0.tgz#443f6a20ced6481a2bda4fa8532a6e55d789a2cb"
  integrity sha512-97DXOFbQJhk71ne5/Mt6cOu6yxsSfM0QGQyl0L25Gca4yGWEGJaig7l7gbCX623VqTBNGLRLaVUCnNkcedlRSQ==

postcss@^8.4.5:
  version "8.4.5"
  resolved "https://registry.yarnpkg.com/postcss/-/postcss-8.4.5.tgz#bae665764dfd4c6fcc24dc0fdf7e7aa00cc77f95"
  integrity sha512-jBDboWM8qpaqwkMwItqTQTiFikhs/67OYVvblFFTM7MrZjt6yMKd6r2kgXizEbTTljacm4NldIlZnhbjr84QYg==
  dependencies:
    nanoid "^3.1.30"
    picocolors "^1.0.0"
    source-map-js "^1.0.1"

source-map-js@^1.0.1:
  version "1.0.1"
  resolved "https://registry.yarnpkg.com/source-map-js/-/source-map-js-1.0.1.tgz#a1741c131e3c77d048252adfa24e23b908670caf"
  integrity sha512-4+TN2b3tqOCd/kaGRJ/sTYA0tR0mdXx26ipdolxcwtJVqEnqNYvlCAt1q3ypy4QMlYus+Zh34RNtYLoq2oQ4IA==

spark-md5@^3.0.1:
  version "3.0.2"
  resolved "https://registry.yarnpkg.com/spark-md5/-/spark-md5-3.0.2.tgz#7952c4a30784347abcee73268e473b9c0167e3fc"
  integrity sha512-wcFzz9cDfbuqe0FZzfi2or1sgyIrsDwmPwfZC4hiNidPdPINjeUwNfv5kldczoEAcjl9Y1L3SM7Uz2PUEQzxQw==
